
Microsoft Visual Studio Solution File, Format Version 12.00
# Visual Studio 15
VisualStudioVersion = 15.0.27004.2006
MinimumVisualStudioVersion = 10.0.40219.1
Project("{FAE04EC0-301F-11D3-BF4B-00C04F79EFBC}") = "WindowsFormsApp1", "WindowsFormsApp1\WindowsFormsApp1.csproj", "{A62030B0-3AD9-4535-9CBA-B01565761C4D}"
EndProject
Global
	GlobalSection(SolutionConfigurationPlatforms) = preSolution
		Debug|Any CPU = Debug|Any CPU
		Release|Any CPU = Release|Any CPU
	EndGlobalSection
	GlobalSection(ProjectConfigurationPlatforms) = postSolution
		{A62030B0-3AD9-4535-9CBA-B01565761C4D}.Debug|Any CPU.ActiveCfg = Debug|Any CPU
		{A62030B0-3AD9-4535-9CBA-B01565761C4D}.Debug|Any CPU.Build.0 = Debug|Any CPU
		{A62030B0-3AD9-4535-9CBA-B01565761C4D}.Release|Any CPU.ActiveCfg = Release|Any CPU
		{A62030B0-3AD9-4535-9CBA-B01565761C4D}.Release|Any CPU.Build.0 = Release|Any CPU
	EndGlobalSection
	GlobalSection(SolutionProperties) = preSolution
		HideSolutionNode = FALSE
	EndGlobalSection
	GlobalSection(ExtensibilityGlobals) = postSolution
		SolutionGuid = {0D6310D7-2481-4BB4-BDC3-B02F2C9585A1}
	EndGlobalSection
EndGlobal
